// !$*UTF8*$!
{
	archiveVersion = 1;
	classes = {
	};
	objectVersion = 46;
	objects = {

/* Begin PBXBuildFile section */
		C701FE821F666B4B008C2AF3 /* Assets.xcassets in Resources */ = {isa = PBXBuildFile; fileRef = C701FE811F666B4B008C2AF3 /* Assets.xcassets */; };
		C701FE901F666B4B008C2AF3 /* QQMusic_masterTests.swift in Sources */ = {isa = PBXBuildFile; fileRef = C701FE8F1F666B4B008C2AF3 /* QQMusic_masterTests.swift */; };
		C701FE9B1F666B4B008C2AF3 /* QQMusic_masterUITests.swift in Sources */ = {isa = PBXBuildFile; fileRef = C701FE9A1F666B4B008C2AF3 /* QQMusic_masterUITests.swift */; };
		C701FEB01F666D27008C2AF3 /* LaunchScreen.storyboard in Resources */ = {isa = PBXBuildFile; fileRef = C701FEAC1F666D27008C2AF3 /* LaunchScreen.storyboard */; };
		C701FEB11F666D27008C2AF3 /* Main.storyboard in Resources */ = {isa = PBXBuildFile; fileRef = C701FEAD1F666D27008C2AF3 /* Main.storyboard */; };
		C701FEBD1F667096008C2AF3 /* AppDelegate.swift in Sources */ = {isa = PBXBuildFile; fileRef = C701FEB31F667096008C2AF3 /* AppDelegate.swift */; };
		C701FEC01F6670B7008C2AF3 /* QQMusicListController.swift in Sources */ = {isa = PBXBuildFile; fileRef = C701FEBF1F6670B7008C2AF3 /* QQMusicListController.swift */; };
		C701FEC21F66717F008C2AF3 /* QQMusicModel.swift in Sources */ = {isa = PBXBuildFile; fileRef = C701FEC11F66717F008C2AF3 /* QQMusicModel.swift */; };
		C701FEC51F6676DF008C2AF3 /* QQMusicCell.swift in Sources */ = {isa = PBXBuildFile; fileRef = C701FEC31F6676DF008C2AF3 /* QQMusicCell.swift */; };
		C701FEC61F6676DF008C2AF3 /* QQMusicCell.xib in Resources */ = {isa = PBXBuildFile; fileRef = C701FEC41F6676DF008C2AF3 /* QQMusicCell.xib */; };
		C701FEF31F668B39008C2AF3 /* bb@2x.jpg in Resources */ = {isa = PBXBuildFile; fileRef = C701FEC81F668B39008C2AF3 /* bb@2x.jpg */; };
		C701FEF41F668B39008C2AF3 /* bb_icon@2x.jpg in Resources */ = {isa = PBXBuildFile; fileRef = C701FEC91F668B39008C2AF3 /* bb_icon@2x.jpg */; };
		C701FEF51F668B39008C2AF3 /* dzq@2x.jpg in Resources */ = {isa = PBXBuildFile; fileRef = C701FECA1F668B39008C2AF3 /* dzq@2x.jpg */; };
		C701FEF61F668B39008C2AF3 /* dzq_icon@2x.jpg in Resources */ = {isa = PBXBuildFile; fileRef = C701FECB1F668B39008C2AF3 /* dzq_icon@2x.jpg */; };
		C701FEF71F668B39008C2AF3 /* eason@2x.jpg in Resources */ = {isa = PBXBuildFile; fileRef = C701FECC1F668B39008C2AF3 /* eason@2x.jpg */; };
		C701FEF81F668B39008C2AF3 /* eason_icon@2x.jpg in Resources */ = {isa = PBXBuildFile; fileRef = C701FECD1F668B39008C2AF3 /* eason_icon@2x.jpg */; };
		C701FEF91F668B39008C2AF3 /* jay@2x.jpg in Resources */ = {isa = PBXBuildFile; fileRef = C701FECE1F668B39008C2AF3 /* jay@2x.jpg */; };
		C701FEFA1F668B39008C2AF3 /* jay_icon@2x.png in Resources */ = {isa = PBXBuildFile; fileRef = C701FECF1F668B39008C2AF3 /* jay_icon@2x.png */; };
		C701FEFB1F668B39008C2AF3 /* jj@2x.jpg in Resources */ = {isa = PBXBuildFile; fileRef = C701FED01F668B39008C2AF3 /* jj@2x.jpg */; };
		C701FEFC1F668B39008C2AF3 /* jj_icon@2x.png in Resources */ = {isa = PBXBuildFile; fileRef = C701FED11F668B39008C2AF3 /* jj_icon@2x.png */; };
		C701FEFD1F668B39008C2AF3 /* kzxd@2x.jpg in Resources */ = {isa = PBXBuildFile; fileRef = C701FED21F668B39008C2AF3 /* kzxd@2x.jpg */; };
		C701FEFE1F668B39008C2AF3 /* kzxd_icon@2x.jpg in Resources */ = {isa = PBXBuildFile; fileRef = C701FED31F668B39008C2AF3 /* kzxd_icon@2x.jpg */; };
		C701FEFF1F668B39008C2AF3 /* lkq@2x.jpg in Resources */ = {isa = PBXBuildFile; fileRef = C701FED41F668B39008C2AF3 /* lkq@2x.jpg */; };
		C701FF001F668B39008C2AF3 /* lkq_icon@2x.jpg in Resources */ = {isa = PBXBuildFile; fileRef = C701FED51F668B39008C2AF3 /* lkq_icon@2x.jpg */; };
		C701FF011F668B39008C2AF3 /* nanquan@2x.jpg in Resources */ = {isa = PBXBuildFile; fileRef = C701FED61F668B39008C2AF3 /* nanquan@2x.jpg */; };
		C701FF021F668B39008C2AF3 /* nanquan_icon@2x.jpg in Resources */ = {isa = PBXBuildFile; fileRef = C701FED71F668B39008C2AF3 /* nanquan_icon@2x.jpg */; };
		C701FF031F668B39008C2AF3 /* wf@2x.jpg in Resources */ = {isa = PBXBuildFile; fileRef = C701FED81F668B39008C2AF3 /* wf@2x.jpg */; };
		C701FF041F668B39008C2AF3 /* wf_icon@2x.jpg in Resources */ = {isa = PBXBuildFile; fileRef = C701FED91F668B39008C2AF3 /* wf_icon@2x.jpg */; };
		C701FF051F668B39008C2AF3 /* zxy@2x.jpg in Resources */ = {isa = PBXBuildFile; fileRef = C701FEDA1F668B39008C2AF3 /* zxy@2x.jpg */; };
		C701FF061F668B39008C2AF3 /* zxy_icon@2x.jpg in Resources */ = {isa = PBXBuildFile; fileRef = C701FEDB1F668B39008C2AF3 /* zxy_icon@2x.jpg */; };
		C701FF071F668B39008C2AF3 /* 10405520.lrc in Resources */ = {isa = PBXBuildFile; fileRef = C701FEDD1F668B39008C2AF3 /* 10405520.lrc */; };
		C701FF081F668B39008C2AF3 /* 10736444.lrc in Resources */ = {isa = PBXBuildFile; fileRef = C701FEDE1F668B39008C2AF3 /* 10736444.lrc */; };
		C701FF091F668B39008C2AF3 /* 120125029.lrc in Resources */ = {isa = PBXBuildFile; fileRef = C701FEDF1F668B39008C2AF3 /* 120125029.lrc */; };
		C701FF0A1F668B39008C2AF3 /* 12309111.lrc in Resources */ = {isa = PBXBuildFile; fileRef = C701FEE01F668B39008C2AF3 /* 12309111.lrc */; };
		C701FF0B1F668B39008C2AF3 /* 14945107.lrc in Resources */ = {isa = PBXBuildFile; fileRef = C701FEE11F668B39008C2AF3 /* 14945107.lrc */; };
		C701FF0C1F668B39008C2AF3 /* 235319.lrc in Resources */ = {isa = PBXBuildFile; fileRef = C701FEE21F668B39008C2AF3 /* 235319.lrc */; };
		C701FF0D1F668B39008C2AF3 /* 255319.lrc in Resources */ = {isa = PBXBuildFile; fileRef = C701FEE31F668B39008C2AF3 /* 255319.lrc */; };
		C701FF0E1F668B39008C2AF3 /* 309769.lrc in Resources */ = {isa = PBXBuildFile; fileRef = C701FEE41F668B39008C2AF3 /* 309769.lrc */; };
		C701FF0F1F668B39008C2AF3 /* 339744.lrc in Resources */ = {isa = PBXBuildFile; fileRef = C701FEE51F668B39008C2AF3 /* 339744.lrc */; };
		C701FF101F668B39008C2AF3 /* 月半小夜曲.lrc in Resources */ = {isa = PBXBuildFile; fileRef = C701FEE61F668B39008C2AF3 /* 月半小夜曲.lrc */; };
		C701FF111F668B39008C2AF3 /* 10405520.mp3 in Resources */ = {isa = PBXBuildFile; fileRef = C701FEE81F668B39008C2AF3 /* 10405520.mp3 */; };
		C701FF121F668B39008C2AF3 /* 10736444.mp3 in Resources */ = {isa = PBXBuildFile; fileRef = C701FEE91F668B39008C2AF3 /* 10736444.mp3 */; };
		C701FF131F668B39008C2AF3 /* 1201111234.mp3 in Resources */ = {isa = PBXBuildFile; fileRef = C701FEEA1F668B39008C2AF3 /* 1201111234.mp3 */; };
		C701FF141F668B39008C2AF3 /* 120125029.mp3 in Resources */ = {isa = PBXBuildFile; fileRef = C701FEEB1F668B39008C2AF3 /* 120125029.mp3 */; };
		C701FF151F668B39008C2AF3 /* 12309111.mp3 in Resources */ = {isa = PBXBuildFile; fileRef = C701FEEC1F668B39008C2AF3 /* 12309111.mp3 */; };
		C701FF161F668B39008C2AF3 /* 14945107.mp3 in Resources */ = {isa = PBXBuildFile; fileRef = C701FEED1F668B39008C2AF3 /* 14945107.mp3 */; };
		C701FF171F668B39008C2AF3 /* 235319.mp3 in Resources */ = {isa = PBXBuildFile; fileRef = C701FEEE1F668B39008C2AF3 /* 235319.mp3 */; };
		C701FF181F668B39008C2AF3 /* 255319.mp3 in Resources */ = {isa = PBXBuildFile; fileRef = C701FEEF1F668B39008C2AF3 /* 255319.mp3 */; };
		C701FF191F668B39008C2AF3 /* 309769.mp3 in Resources */ = {isa = PBXBuildFile; fileRef = C701FEF01F668B39008C2AF3 /* 309769.mp3 */; };
		C701FF1A1F668B39008C2AF3 /* 339744.mp3 in Resources */ = {isa = PBXBuildFile; fileRef = C701FEF11F668B39008C2AF3 /* 339744.mp3 */; };
		C701FF1B1F668B39008C2AF3 /* QQListBack.jpg in Resources */ = {isa = PBXBuildFile; fileRef = C701FEF21F668B39008C2AF3 /* QQListBack.jpg */; };
		C701FF1E1F668EE5008C2AF3 /* QQMusicDataManager.swift in Sources */ = {isa = PBXBuildFile; fileRef = C701FF1D1F668EE5008C2AF3 /* QQMusicDataManager.swift */; };
		C701FF221F66925F008C2AF3 /* QQLrcModel.swift in Sources */ = {isa = PBXBuildFile; fileRef = C701FF211F66925F008C2AF3 /* QQLrcModel.swift */; };
		C701FF241F6695B6008C2AF3 /* QQTimeTool.swift in Sources */ = {isa = PBXBuildFile; fileRef = C701FF231F6695B6008C2AF3 /* QQTimeTool.swift */; };
		C701FF261F678A7F008C2AF3 /* Musics.plist in Resources */ = {isa = PBXBuildFile; fileRef = C701FF251F678A7F008C2AF3 /* Musics.plist */; };
		C701FF281F67B5D8008C2AF3 /* QQMusicOperationTool.swift in Sources */ = {isa = PBXBuildFile; fileRef = C701FF271F67B5D8008C2AF3 /* QQMusicOperationTool.swift */; };
		C701FF2A1F67B60B008C2AF3 /* QQMusicTool.swift in Sources */ = {isa = PBXBuildFile; fileRef = C701FF291F67B60B008C2AF3 /* QQMusicTool.swift */; };
		C701FF2D1F67C1D7008C2AF3 /* CALayer+Extension.swift in Sources */ = {isa = PBXBuildFile; fileRef = C701FF2C1F67C1D7008C2AF3 /* CALayer+Extension.swift */; };
		C701FF2F1F67C416008C2AF3 /* UIView+Extension.swift in Sources */ = {isa = PBXBuildFile; fileRef = C701FF2E1F67C416008C2AF3 /* UIView+Extension.swift */; };
		C701FF311F67D6DA008C2AF3 /* DetailViewController.swift in Sources */ = {isa = PBXBuildFile; fileRef = C701FF301F67D6DA008C2AF3 /* DetailViewController.swift */; };
		C701FF331F67E41F008C2AF3 /* QQMusicMessageModel.swift in Sources */ = {isa = PBXBuildFile; fileRef = C701FF321F67E41F008C2AF3 /* QQMusicMessageModel.swift */; };
		C701FF351F67E7D8008C2AF3 /* LrcViewController.swift in Sources */ = {isa = PBXBuildFile; fileRef = C701FF341F67E7D8008C2AF3 /* LrcViewController.swift */; };
		C701FF371F67E998008C2AF3 /* LrcLabel.swift in Sources */ = {isa = PBXBuildFile; fileRef = C701FF361F67E998008C2AF3 /* LrcLabel.swift */; };
		C728EA2E1F68D5B70047146A /* LrcCell.swift in Sources */ = {isa = PBXBuildFile; fileRef = C728EA2C1F68D5B70047146A /* LrcCell.swift */; };
		C728EA2F1F68D5B70047146A /* LrcCell.xib in Resources */ = {isa = PBXBuildFile; fileRef = C728EA2D1F68D5B70047146A /* LrcCell.xib */; };
		C728EA311F68E1290047146A /* QQImageTool.swift in Sources */ = {isa = PBXBuildFile; fileRef = C728EA301F68E1290047146A /* QQImageTool.swift */; };
/* End PBXBuildFile section */

/* Begin PBXContainerItemProxy section */
		C701FE8C1F666B4B008C2AF3 /* PBXContainerItemProxy */ = {
			isa = PBXContainerItemProxy;
			containerPortal = C701FE6F1F666B4B008C2AF3 /* Project object */;
			proxyType = 1;
			remoteGlobalIDString = C701FE761F666B4B008C2AF3;
			remoteInfo = "QQMusic-master";
		};
		C701FE971F666B4B008C2AF3 /* PBXContainerItemProxy */ = {
			isa = PBXContainerItemProxy;
			containerPortal = C701FE6F1F666B4B008C2AF3 /* Project object */;
			proxyType = 1;
			remoteGlobalIDString = C701FE761F666B4B008C2AF3;
			remoteInfo = "QQMusic-master";
		};
/* End PBXContainerItemProxy section */

/* Begin PBXFileReference section */
		C701FE771F666B4B008C2AF3 /* QQMusic-master.app */ = {isa = PBXFileReference; explicitFileType = wrapper.application; includeInIndex = 0; path = "QQMusic-master.app"; sourceTree = BUILT_PRODUCTS_DIR; };
		C701FE811F666B4B008C2AF3 /* Assets.xcassets */ = {isa = PBXFileReference; lastKnownFileType = folder.assetcatalog; name = Assets.xcassets; path = ../Assets.xcassets; sourceTree = "<group>"; };
		C701FE861F666B4B008C2AF3 /* Info.plist */ = {isa = PBXFileReference; lastKnownFileType = text.plist.xml; name = Info.plist; path = ../Info.plist; sourceTree = "<group>"; };
		C701FE8B1F666B4B008C2AF3 /* QQMusic-masterTests.xctest */ = {isa = PBXFileReference; explicitFileType = wrapper.cfbundle; includeInIndex = 0; path = "QQMusic-masterTests.xctest"; sourceTree = BUILT_PRODUCTS_DIR; };
		C701FE8F1F666B4B008C2AF3 /* QQMusic_masterTests.swift */ = {isa = PBXFileReference; lastKnownFileType = sourcecode.swift; path = QQMusic_masterTests.swift; sourceTree = "<group>"; };
		C701FE911F666B4B008C2AF3 /* Info.plist */ = {isa = PBXFileReference; lastKnownFileType = text.plist.xml; path = Info.plist; sourceTree = "<group>"; };
		C701FE961F666B4B008C2AF3 /* QQMusic-masterUITests.xctest */ = {isa = PBXFileReference; explicitFileType = wrapper.cfbundle; includeInIndex = 0; path = "QQMusic-masterUITests.xctest"; sourceTree = BUILT_PRODUCTS_DIR; };
		C701FE9A1F666B4B008C2AF3 /* QQMusic_masterUITests.swift */ = {isa = PBXFileReference; lastKnownFileType = sourcecode.swift; path = QQMusic_masterUITests.swift; sourceTree = "<group>"; };
		C701FE9C1F666B4B008C2AF3 /* Info.plist */ = {isa = PBXFileReference; lastKnownFileType = text.plist.xml; path = Info.plist; sourceTree = "<group>"; };
		C701FEAC1F666D27008C2AF3 /* LaunchScreen.storyboard */ = {isa = PBXFileReference; fileEncoding = 4; lastKnownFileType = file.storyboard; path = LaunchScreen.storyboard; sourceTree = "<group>"; };
		C701FEAD1F666D27008C2AF3 /* Main.storyboard */ = {isa = PBXFileReference; fileEncoding = 4; lastKnownFileType = file.storyboard; path = Main.storyboard; sourceTree = "<group>"; };
		C701FEB31F667096008C2AF3 /* AppDelegate.swift */ = {isa = PBXFileReference; fileEncoding = 4; lastKnownFileType = sourcecode.swift; path = AppDelegate.swift; sourceTree = "<group>"; };
		C701FEBF1F6670B7008C2AF3 /* QQMusicListController.swift */ = {isa = PBXFileReference; fileEncoding = 4; lastKnownFileType = sourcecode.swift; path = QQMusicListController.swift; sourceTree = "<group>"; };
		C701FEC11F66717F008C2AF3 /* QQMusicModel.swift */ = {isa = PBXFileReference; fileEncoding = 4; lastKnownFileType = sourcecode.swift; path = QQMusicModel.swift; sourceTree = "<group>"; };
		C701FEC31F6676DF008C2AF3 /* QQMusicCell.swift */ = {isa = PBXFileReference; fileEncoding = 4; lastKnownFileType = sourcecode.swift; path = QQMusicCell.swift; sourceTree = "<group>"; };
		C701FEC41F6676DF008C2AF3 /* QQMusicCell.xib */ = {isa = PBXFileReference; fileEncoding = 4; lastKnownFileType = file.xib; path = QQMusicCell.xib; sourceTree = "<group>"; };
		C701FEC81F668B39008C2AF3 /* bb@2x.jpg */ = {isa = PBXFileReference; lastKnownFileType = image.jpeg; path = "bb@2x.jpg"; sourceTree = "<group>"; };
		C701FEC91F668B39008C2AF3 /* bb_icon@2x.jpg */ = {isa = PBXFileReference; lastKnownFileType = image.jpeg; path = "bb_icon@2x.jpg"; sourceTree = "<group>"; };
		C701FECA1F668B39008C2AF3 /* dzq@2x.jpg */ = {isa = PBXFileReference; lastKnownFileType = image.jpeg; path = "dzq@2x.jpg"; sourceTree = "<group>"; };
		C701FECB1F668B39008C2AF3 /* dzq_icon@2x.jpg */ = {isa = PBXFileReference; lastKnownFileType = image.jpeg; path = "dzq_icon@2x.jpg"; sourceTree = "<group>"; };
		C701FECC1F668B39008C2AF3 /* eason@2x.jpg */ = {isa = PBXFileReference; lastKnownFileType = image.jpeg; path = "eason@2x.jpg"; sourceTree = "<group>"; };
		C701FECD1F668B39008C2AF3 /* eason_icon@2x.jpg */ = {isa = PBXFileReference; lastKnownFileType = image.jpeg; path = "eason_icon@2x.jpg"; sourceTree = "<group>"; };
		C701FECE1F668B39008C2AF3 /* jay@2x.jpg */ = {isa = PBXFileReference; lastKnownFileType = image.jpeg; path = "jay@2x.jpg"; sourceTree = "<group>"; };
		C701FECF1F668B39008C2AF3 /* jay_icon@2x.png */ = {isa = PBXFileReference; lastKnownFileType = image.png; path = "jay_icon@2x.png"; sourceTree = "<group>"; };
		C701FED01F668B39008C2AF3 /* jj@2x.jpg */ = {isa = PBXFileReference; lastKnownFileType = image.jpeg; path = "jj@2x.jpg"; sourceTree = "<group>"; };
		C701FED11F668B39008C2AF3 /* jj_icon@2x.png */ = {isa = PBXFileReference; lastKnownFileType = image.png; path = "jj_icon@2x.png"; sourceTree = "<group>"; };
		C701FED21F668B39008C2AF3 /* kzxd@2x.jpg */ = {isa = PBXFileReference; lastKnownFileType = image.jpeg; path = "kzxd@2x.jpg"; sourceTree = "<group>"; };
		C701FED31F668B39008C2AF3 /* kzxd_icon@2x.jpg */ = {isa = PBXFileReference; lastKnownFileType = image.jpeg; path = "kzxd_icon@2x.jpg"; sourceTree = "<group>"; };
		C701FED41F668B39008C2AF3 /* lkq@2x.jpg */ = {isa = PBXFileReference; lastKnownFileType = image.jpeg; path = "lkq@2x.jpg"; sourceTree = "<group>"; };
		C701FED51F668B39008C2AF3 /* lkq_icon@2x.jpg */ = {isa = PBXFileReference; lastKnownFileType = image.jpeg; path = "lkq_icon@2x.jpg"; sourceTree = "<group>"; };
		C701FED61F668B39008C2AF3 /* nanquan@2x.jpg */ = {isa = PBXFileReference; lastKnownFileType = image.jpeg; path = "nanquan@2x.jpg"; sourceTree = "<group>"; };
		C701FED71F668B39008C2AF3 /* nanquan_icon@2x.jpg */ = {isa = PBXFileReference; lastKnownFileType = image.jpeg; path = "nanquan_icon@2x.jpg"; sourceTree = "<group>"; };
		C701FED81F668B39008C2AF3 /* wf@2x.jpg */ = {isa = PBXFileReference; lastKnownFileType = image.jpeg; path = "wf@2x.jpg"; sourceTree = "<group>"; };
		C701FED91F668B39008C2AF3 /* wf_icon@2x.jpg */ = {isa = PBXFileReference; lastKnownFileType = image.jpeg; path = "wf_icon@2x.jpg"; sourceTree = "<group>"; };
		C701FEDA1F668B39008C2AF3 /* zxy@2x.jpg */ = {isa = PBXFileReference; lastKnownFileType = image.jpeg; path = "zxy@2x.jpg"; sourceTree = "<group>"; };
		C701FEDB1F668B39008C2AF3 /* zxy_icon@2x.jpg */ = {isa = PBXFileReference; lastKnownFileType = image.jpeg; path = "zxy_icon@2x.jpg"; sourceTree = "<group>"; };
		C701FEDD1F668B39008C2AF3 /* 10405520.lrc */ = {isa = PBXFileReference; fileEncoding = 4; lastKnownFileType = text; path = 10405520.lrc; sourceTree = "<group>"; };
		C701FEDE1F668B39008C2AF3 /* 10736444.lrc */ = {isa = PBXFileReference; fileEncoding = 4; lastKnownFileType = text; path = 10736444.lrc; sourceTree = "<group>"; };
		C701FEDF1F668B39008C2AF3 /* 120125029.lrc */ = {isa = PBXFileReference; fileEncoding = 4; lastKnownFileType = text; path = 120125029.lrc; sourceTree = "<group>"; };
		C701FEE01F668B39008C2AF3 /* 12309111.lrc */ = {isa = PBXFileReference; fileEncoding = 4; lastKnownFileType = text; path = 12309111.lrc; sourceTree = "<group>"; };
		C701FEE11F668B39008C2AF3 /* 14945107.lrc */ = {isa = PBXFileReference; fileEncoding = 4; lastKnownFileType = text; path = 14945107.lrc; sourceTree = "<group>"; };
		C701FEE21F668B39008C2AF3 /* 235319.lrc */ = {isa = PBXFileReference; fileEncoding = 4; lastKnownFileType = text; path = 235319.lrc; sourceTree = "<group>"; };
		C701FEE31F668B39008C2AF3 /* 255319.lrc */ = {isa = PBXFileReference; fileEncoding = 4; lastKnownFileType = text; path = 255319.lrc; sourceTree = "<group>"; };
		C701FEE41F668B39008C2AF3 /* 309769.lrc */ = {isa = PBXFileReference; fileEncoding = 4; lastKnownFileType = text; path = 309769.lrc; sourceTree = "<group>"; };
		C701FEE51F668B39008C2AF3 /* 339744.lrc */ = {isa = PBXFileReference; fileEncoding = 4; lastKnownFileType = text; path = 339744.lrc; sourceTree = "<group>"; };
		C701FEE61F668B39008C2AF3 /* 月半小夜曲.lrc */ = {isa = PBXFileReference; fileEncoding = 4; lastKnownFileType = text; path = "月半小夜曲.lrc"; sourceTree = "<group>"; };
		C701FEE81F668B39008C2AF3 /* 10405520.mp3 */ = {isa = PBXFileReference; lastKnownFileType = audio.mp3; path = 10405520.mp3; sourceTree = "<group>"; };
		C701FEE91F668B39008C2AF3 /* 10736444.mp3 */ = {isa = PBXFileReference; lastKnownFileType = audio.mp3; path = 10736444.mp3; sourceTree = "<group>"; };
		C701FEEA1F668B39008C2AF3 /* 1201111234.mp3 */ = {isa = PBXFileReference; lastKnownFileType = audio.mp3; path = 1201111234.mp3; sourceTree = "<group>"; };
		C701FEEB1F668B39008C2AF3 /* 120125029.mp3 */ = {isa = PBXFileReference; lastKnownFileType = audio.mp3; path = 120125029.mp3; sourceTree = "<group>"; };
		C701FEEC1F668B39008C2AF3 /* 12309111.mp3 */ = {isa = PBXFileReference; lastKnownFileType = audio.mp3; path = 12309111.mp3; sourceTree = "<group>"; };
		C701FEED1F668B39008C2AF3 /* 14945107.mp3 */ = {isa = PBXFileReference; lastKnownFileType = audio.mp3; path = 14945107.mp3; sourceTree = "<group>"; };
		C701FEEE1F668B39008C2AF3 /* 235319.mp3 */ = {isa = PBXFileReference; lastKnownFileType = audio.mp3; path = 235319.mp3; sourceTree = "<group>"; };
		C701FEEF1F668B39008C2AF3 /* 255319.mp3 */ = {isa = PBXFileReference; lastKnownFileType = audio.mp3; path = 255319.mp3; sourceTree = "<group>"; };
		C701FEF01F668B39008C2AF3 /* 309769.mp3 */ = {isa = PBXFileReference; lastKnownFileType = audio.mp3; path = 309769.mp3; sourceTree = "<group>"; };
		C701FEF11F668B39008C2AF3 /* 339744.mp3 */ = {isa = PBXFileReference; lastKnownFileType = audio.mp3; path = 339744.mp3; sourceTree = "<group>"; };
		C701FEF21F668B39008C2AF3 /* QQListBack.jpg */ = {isa = PBXFileReference; lastKnownFileType = image.jpeg; path = QQListBack.jpg; sourceTree = "<group>"; };
		C701FF1D1F668EE5008C2AF3 /* QQMusicDataManager.swift */ = {isa = PBXFileReference; fileEncoding = 4; lastKnownFileType = sourcecode.swift; path = QQMusicDataManager.swift; sourceTree = "<group>"; };
		C701FF211F66925F008C2AF3 /* QQLrcModel.swift */ = {isa = PBXFileReference; fileEncoding = 4; lastKnownFileType = sourcecode.swift; path = QQLrcModel.swift; sourceTree = "<group>"; };
		C701FF231F6695B6008C2AF3 /* QQTimeTool.swift */ = {isa = PBXFileReference; fileEncoding = 4; lastKnownFileType = sourcecode.swift; path = QQTimeTool.swift; sourceTree = "<group>"; };
		C701FF251F678A7F008C2AF3 /* Musics.plist */ = {isa = PBXFileReference; fileEncoding = 4; lastKnownFileType = text.plist.xml; path = Musics.plist; sourceTree = "<group>"; };
		C701FF271F67B5D8008C2AF3 /* QQMusicOperationTool.swift */ = {isa = PBXFileReference; fileEncoding = 4; lastKnownFileType = sourcecode.swift; path = QQMusicOperationTool.swift; sourceTree = "<group>"; };
		C701FF291F67B60B008C2AF3 /* QQMusicTool.swift */ = {isa = PBXFileReference; fileEncoding = 4; lastKnownFileType = sourcecode.swift; path = QQMusicTool.swift; sourceTree = "<group>"; };
		C701FF2C1F67C1D7008C2AF3 /* CALayer+Extension.swift */ = {isa = PBXFileReference; fileEncoding = 4; lastKnownFileType = sourcecode.swift; path = "CALayer+Extension.swift"; sourceTree = "<group>"; };
		C701FF2E1F67C416008C2AF3 /* UIView+Extension.swift */ = {isa = PBXFileReference; fileEncoding = 4; lastKnownFileType = sourcecode.swift; path = "UIView+Extension.swift"; sourceTree = "<group>"; };
		C701FF301F67D6DA008C2AF3 /* DetailViewController.swift */ = {isa = PBXFileReference; fileEncoding = 4; lastKnownFileType = sourcecode.swift; path = DetailViewController.swift; sourceTree = "<group>"; };
		C701FF321F67E41F008C2AF3 /* QQMusicMessageModel.swift */ = {isa = PBXFileReference; fileEncoding = 4; lastKnownFileType = sourcecode.swift; path = QQMusicMessageModel.swift; sourceTree = "<group>"; };
		C701FF341F67E7D8008C2AF3 /* LrcViewController.swift */ = {isa = PBXFileReference; fileEncoding = 4; lastKnownFileType = sourcecode.swift; path = LrcViewController.swift; sourceTree = "<group>"; };
		C701FF361F67E998008C2AF3 /* LrcLabel.swift */ = {isa = PBXFileReference; fileEncoding = 4; lastKnownFileType = sourcecode.swift; path = LrcLabel.swift; sourceTree = "<group>"; };
		C728EA2C1F68D5B70047146A /* LrcCell.swift */ = {isa = PBXFileReference; fileEncoding = 4; lastKnownFileType = sourcecode.swift; path = LrcCell.swift; sourceTree = "<group>"; };
		C728EA2D1F68D5B70047146A /* LrcCell.xib */ = {isa = PBXFileReference; fileEncoding = 4; lastKnownFileType = file.xib; path = LrcCell.xib; sourceTree = "<group>"; };
		C728EA301F68E1290047146A /* QQImageTool.swift */ = {isa = PBXFileReference; fileEncoding = 4; lastKnownFileType = sourcecode.swift; path = QQImageTool.swift; sourceTree = "<group>"; };
/* End PBXFileReference section */

/* Begin PBXFrameworksBuildPhase section */
		C701FE741F666B4B008C2AF3 /* Frameworks */ = {
			isa = PBXFrameworksBuildPhase;
			buildActionMask = 2147483647;
			files = (
			);
			runOnlyForDeploymentPostprocessing = 0;
		};
		C701FE881F666B4B008C2AF3 /* Frameworks */ = {
			isa = PBXFrameworksBuildPhase;
			buildActionMask = 2147483647;
			files = (
			);
			runOnlyForDeploymentPostprocessing = 0;
		};
		C701FE931F666B4B008C2AF3 /* Frameworks */ = {
			isa = PBXFrameworksBuildPhase;
			buildActionMask = 2147483647;
			files = (
			);
			runOnlyForDeploymentPostprocessing = 0;
		};
/* End PBXFrameworksBuildPhase section */

/* Begin PBXGroup section */
		C701FE6E1F666B4B008C2AF3 = {
			isa = PBXGroup;
			children = (
				C701FE791F666B4B008C2AF3 /* QQMusic-master */,
				C701FE8E1F666B4B008C2AF3 /* QQMusic-masterTests */,
				C701FE991F666B4B008C2AF3 /* QQMusic-masterUITests */,
				C701FE781F666B4B008C2AF3 /* Products */,
			);
			sourceTree = "<group>";
		};
		C701FE781F666B4B008C2AF3 /* Products */ = {
			isa = PBXGroup;
			children = (
				C701FE771F666B4B008C2AF3 /* QQMusic-master.app */,
				C701FE8B1F666B4B008C2AF3 /* QQMusic-masterTests.xctest */,
				C701FE961F666B4B008C2AF3 /* QQMusic-masterUITests.xctest */,
			);
			name = Products;
			sourceTree = "<group>";
		};
		C701FE791F666B4B008C2AF3 /* QQMusic-master */ = {
			isa = PBXGroup;
			children = (
				C701FEA81F666D27008C2AF3 /* Classes */,
				C701FEAB1F666D27008C2AF3 /* Resources */,
			);
			path = "QQMusic-master";
			sourceTree = "<group>";
		};
		C701FE8E1F666B4B008C2AF3 /* QQMusic-masterTests */ = {
			isa = PBXGroup;
			children = (
				C701FE8F1F666B4B008C2AF3 /* QQMusic_masterTests.swift */,
				C701FE911F666B4B008C2AF3 /* Info.plist */,
			);
			path = "QQMusic-masterTests";
			sourceTree = "<group>";
		};
		C701FE991F666B4B008C2AF3 /* QQMusic-masterUITests */ = {
			isa = PBXGroup;
			children = (
				C701FE9A1F666B4B008C2AF3 /* QQMusic_masterUITests.swift */,
				C701FE9C1F666B4B008C2AF3 /* Info.plist */,
			);
			path = "QQMusic-masterUITests";
			sourceTree = "<group>";
		};
		C701FEA81F666D27008C2AF3 /* Classes */ = {
			isa = PBXGroup;
			children = (
				C701FEB21F667096008C2AF3 /* Others */,
				C701FEB51F667096008C2AF3 /* QQDetail */,
				C701FEB91F667096008C2AF3 /* QQList */,
			);
			path = Classes;
			sourceTree = "<group>";
		};
		C701FEAB1F666D27008C2AF3 /* Resources */ = {
			isa = PBXGroup;
			children = (
				C701FF251F678A7F008C2AF3 /* Musics.plist */,
				C701FE861F666B4B008C2AF3 /* Info.plist */,
				C701FEAD1F666D27008C2AF3 /* Main.storyboard */,
				C701FEC71F668B39008C2AF3 /* Images */,
				C701FEDC1F668B39008C2AF3 /* Lrcs */,
				C701FEE71F668B39008C2AF3 /* MP3s */,
				C701FEF21F668B39008C2AF3 /* QQListBack.jpg */,
				C701FE811F666B4B008C2AF3 /* Assets.xcassets */,
				C701FEAC1F666D27008C2AF3 /* LaunchScreen.storyboard */,
			);
			path = Resources;
			sourceTree = "<group>";
		};
		C701FEB21F667096008C2AF3 /* Others */ = {
			isa = PBXGroup;
			children = (
				C701FF1C1F668EC0008C2AF3 /* Tools */,
				C701FEB31F667096008C2AF3 /* AppDelegate.swift */,
			);
			path = Others;
			sourceTree = "<group>";
		};
		C701FEB51F667096008C2AF3 /* QQDetail */ = {
			isa = PBXGroup;
			children = (
				C701FEB61F667096008C2AF3 /* Controller */,
				C701FEB71F667096008C2AF3 /* Model */,
				C701FEB81F667096008C2AF3 /* View */,
			);
			path = QQDetail;
			sourceTree = "<group>";
		};
		C701FEB61F667096008C2AF3 /* Controller */ = {
			isa = PBXGroup;
			children = (
				C701FF301F67D6DA008C2AF3 /* DetailViewController.swift */,
				C701FF341F67E7D8008C2AF3 /* LrcViewController.swift */,
			);
			path = Controller;
			sourceTree = "<group>";
		};
		C701FEB71F667096008C2AF3 /* Model */ = {
			isa = PBXGroup;
			children = (
				C701FF211F66925F008C2AF3 /* QQLrcModel.swift */,
				C701FF321F67E41F008C2AF3 /* QQMusicMessageModel.swift */,
			);
			path = Model;
			sourceTree = "<group>";
		};
		C701FEB81F667096008C2AF3 /* View */ = {
			isa = PBXGroup;
			children = (
				C701FF361F67E998008C2AF3 /* LrcLabel.swift */,
				C728EA2C1F68D5B70047146A /* LrcCell.swift */,
				C728EA2D1F68D5B70047146A /* LrcCell.xib */,
			);
			path = View;
			sourceTree = "<group>";
		};
		C701FEB91F667096008C2AF3 /* QQList */ = {
			isa = PBXGroup;
			children = (
				C701FEBA1F667096008C2AF3 /* Controller */,
				C701FEBB1F667096008C2AF3 /* Model */,
				C701FEBC1F667096008C2AF3 /* View */,
			);
			path = QQList;
			sourceTree = "<group>";
		};
		C701FEBA1F667096008C2AF3 /* Controller */ = {
			isa = PBXGroup;
			children = (
				C701FEBF1F6670B7008C2AF3 /* QQMusicListController.swift */,
			);
			path = Controller;
			sourceTree = "<group>";
		};
		C701FEBB1F667096008C2AF3 /* Model */ = {
			isa = PBXGroup;
			children = (
				C701FEC11F66717F008C2AF3 /* QQMusicModel.swift */,
			);
			path = Model;
			sourceTree = "<group>";
		};
		C701FEBC1F667096008C2AF3 /* View */ = {
			isa = PBXGroup;
			children = (
				C701FEC31F6676DF008C2AF3 /* QQMusicCell.swift */,
				C701FEC41F6676DF008C2AF3 /* QQMusicCell.xib */,
			);
			path = View;
			sourceTree = "<group>";
		};
		C701FEC71F668B39008C2AF3 /* Images */ = {
			isa = PBXGroup;
			children = (
				C701FEC81F668B39008C2AF3 /* bb@2x.jpg */,
				C701FEC91F668B39008C2AF3 /* bb_icon@2x.jpg */,
				C701FECA1F668B39008C2AF3 /* dzq@2x.jpg */,
				C701FECB1F668B39008C2AF3 /* dzq_icon@2x.jpg */,
				C701FECC1F668B39008C2AF3 /* eason@2x.jpg */,
				C701FECD1F668B39008C2AF3 /* eason_icon@2x.jpg */,
				C701FECE1F668B39008C2AF3 /* jay@2x.jpg */,
				C701FECF1F668B39008C2AF3 /* jay_icon@2x.png */,
				C701FED01F668B39008C2AF3 /* jj@2x.jpg */,
				C701FED11F668B39008C2AF3 /* jj_icon@2x.png */,
				C701FED21F668B39008C2AF3 /* kzxd@2x.jpg */,
				C701FED31F668B39008C2AF3 /* kzxd_icon@2x.jpg */,
				C701FED41F668B39008C2AF3 /* lkq@2x.jpg */,
				C701FED51F668B39008C2AF3 /* lkq_icon@2x.jpg */,
				C701FED61F668B39008C2AF3 /* nanquan@2x.jpg */,
				C701FED71F668B39008C2AF3 /* nanquan_icon@2x.jpg */,
				C701FED81F668B39008C2AF3 /* wf@2x.jpg */,
				C701FED91F668B39008C2AF3 /* wf_icon@2x.jpg */,
				C701FEDA1F668B39008C2AF3 /* zxy@2x.jpg */,
				C701FEDB1F668B39008C2AF3 /* zxy_icon@2x.jpg */,
			);
			path = Images;
			sourceTree = "<group>";
		};
		C701FEDC1F668B39008C2AF3 /* Lrcs */ = {
			isa = PBXGroup;
			children = (
				C701FEDD1F668B39008C2AF3 /* 10405520.lrc */,
				C701FEDE1F668B39008C2AF3 /* 10736444.lrc */,
				C701FEDF1F668B39008C2AF3 /* 120125029.lrc */,
				C701FEE01F668B39008C2AF3 /* 12309111.lrc */,
				C701FEE11F668B39008C2AF3 /* 14945107.lrc */,
				C701FEE21F668B39008C2AF3 /* 235319.lrc */,
				C701FEE31F668B39008C2AF3 /* 255319.lrc */,
				C701FEE41F668B39008C2AF3 /* 309769.lrc */,
				C701FEE51F668B39008C2AF3 /* 339744.lrc */,
				C701FEE61F668B39008C2AF3 /* 月半小夜曲.lrc */,
			);
			path = Lrcs;
			sourceTree = "<group>";
		};
		C701FEE71F668B39008C2AF3 /* MP3s */ = {
			isa = PBXGroup;
			children = (
				C701FEE81F668B39008C2AF3 /* 10405520.mp3 */,
				C701FEE91F668B39008C2AF3 /* 10736444.mp3 */,
				C701FEEA1F668B39008C2AF3 /* 1201111234.mp3 */,
				C701FEEB1F668B39008C2AF3 /* 120125029.mp3 */,
				C701FEEC1F668B39008C2AF3 /* 12309111.mp3 */,
				C701FEED1F668B39008C2AF3 /* 14945107.mp3 */,
				C701FEEE1F668B39008C2AF3 /* 235319.mp3 */,
				C701FEEF1F668B39008C2AF3 /* 255319.mp3 */,
				C701FEF01F668B39008C2AF3 /* 309769.mp3 */,
				C701FEF11F668B39008C2AF3 /* 339744.mp3 */,
			);
			path = MP3s;
			sourceTree = "<group>";
		};
		C701FF1C1F668EC0008C2AF3 /* Tools */ = {
			isa = PBXGroup;
			children = (
				C701FF2B1F67C1C0008C2AF3 /* Category */,
				C701FF1D1F668EE5008C2AF3 /* QQMusicDataManager.swift */,
				C701FF231F6695B6008C2AF3 /* QQTimeTool.swift */,
				C701FF291F67B60B008C2AF3 /* QQMusicTool.swift */,
				C728EA301F68E1290047146A /* QQImageTool.swift */,
				C701FF271F67B5D8008C2AF3 /* QQMusicOperationTool.swift */,
			);
			path = Tools;
			sourceTree = "<group>";
		};
		C701FF2B1F67C1C0008C2AF3 /* Category */ = {
			isa = PBXGroup;
			children = (
				C701FF2E1F67C416008C2AF3 /* UIView+Extension.swift */,
				C701FF2C1F67C1D7008C2AF3 /* CALayer+Extension.swift */,
			);
			path = Category;
			sourceTree = "<group>";
		};
/* End PBXGroup section */

/* Begin PBXNativeTarget section */
		C701FE761F666B4B008C2AF3 /* QQMusic-master */ = {
			isa = PBXNativeTarget;
			buildConfigurationList = C701FE9F1F666B4B008C2AF3 /* Build configuration list for PBXNativeTarget "QQMusic-master" */;
			buildPhases = (
				C701FE731F666B4B008C2AF3 /* Sources */,
				C701FE741F666B4B008C2AF3 /* Frameworks */,
				C701FE751F666B4B008C2AF3 /* Resources */,
			);
			buildRules = (
			);
			dependencies = (
			);
			name = "QQMusic-master";
			productName = "QQMusic-master";
			productReference = C701FE771F666B4B008C2AF3 /* QQMusic-master.app */;
			productType = "com.apple.product-type.application";
		};
		C701FE8A1F666B4B008C2AF3 /* QQMusic-masterTests */ = {
			isa = PBXNativeTarget;
			buildConfigurationList = C701FEA21F666B4B008C2AF3 /* Build configuration list for PBXNativeTarget "QQMusic-masterTests" */;
			buildPhases = (
				C701FE871F666B4B008C2AF3 /* Sources */,
				C701FE881F666B4B008C2AF3 /* Frameworks */,
				C701FE891F666B4B008C2AF3 /* Resources */,
			);
			buildRules = (
			);
			dependencies = (
				C701FE8D1F666B4B008C2AF3 /* PBXTargetDependency */,
			);
			name = "QQMusic-masterTests";
			productName = "QQMusic-masterTests";
			productReference = C701FE8B1F666B4B008C2AF3 /* QQMusic-masterTests.xctest */;
			productType = "com.apple.product-type.bundle.unit-test";
		};
		C701FE951F666B4B008C2AF3 /* QQMusic-masterUITests */ = {
			isa = PBXNativeTarget;
			buildConfigurationList = C701FEA51F666B4B008C2AF3 /* Build configuration list for PBXNativeTarget "QQMusic-masterUITests" */;
			buildPhases = (
				C701FE921F666B4B008C2AF3 /* Sources */,
				C701FE931F666B4B008C2AF3 /* Frameworks */,
				C701FE941F666B4B008C2AF3 /* Resources */,
			);
			buildRules = (
			);
			dependencies = (
				C701FE981F666B4B008C2AF3 /* PBXTargetDependency */,
			);
			name = "QQMusic-masterUITests";
			productName = "QQMusic-masterUITests";
			productReference = C701FE961F666B4B008C2AF3 /* QQMusic-masterUITests.xctest */;
			productType = "com.apple.product-type.bundle.ui-testing";
		};
/* End PBXNativeTarget section */

/* Begin PBXProject section */
		C701FE6F1F666B4B008C2AF3 /* Project object */ = {
			isa = PBXProject;
			attributes = {
				LastSwiftUpdateCheck = 0830;
				LastUpgradeCheck = 0830;
				ORGANIZATIONNAME = M_Li;
				TargetAttributes = {
					C701FE761F666B4B008C2AF3 = {
						CreatedOnToolsVersion = 8.3.3;
						DevelopmentTeam = YEFYT2Y9CS;
						ProvisioningStyle = Automatic;
					};
					C701FE8A1F666B4B008C2AF3 = {
						CreatedOnToolsVersion = 8.3.3;
						DevelopmentTeam = YEFYT2Y9CS;
						ProvisioningStyle = Automatic;
						TestTargetID = C701FE761F666B4B008C2AF3;
					};
					C701FE951F666B4B008C2AF3 = {
						CreatedOnToolsVersion = 8.3.3;
						DevelopmentTeam = YEFYT2Y9CS;
						ProvisioningStyle = Automatic;
						TestTargetID = C701FE761F666B4B008C2AF3;
					};
				};
			};
			buildConfigurationList = C701FE721F666B4B008C2AF3 /* Build configuration list for PBXProject "QQMusic-master" */;
			compatibilityVersion = "Xcode 3.2";
			developmentRegion = English;
			hasScannedForEncodings = 0;
			knownRegions = (
				en,
				Base,
			);
			mainGroup = C701FE6E1F666B4B008C2AF3;
			productRefGroup = C701FE781F666B4B008C2AF3 /* Products */;
			projectDirPath = "";
			projectRoot = "";
			targets = (
				C701FE761F666B4B008C2AF3 /* QQMusic-master */,
				C701FE8A1F666B4B008C2AF3 /* QQMusic-masterTests */,
				C701FE951F666B4B008C2AF3 /* QQMusic-masterUITests */,
			);
		};
/* End PBXProject section */

/* Begin PBXResourcesBuildPhase section */
		C701FE751F666B4B008C2AF3 /* Resources */ = {
			isa = PBXResourcesBuildPhase;
			buildActionMask = 2147483647;
			files = (
				C701FF081F668B39008C2AF3 /* 10736444.lrc in Resources */,
				C701FF0A1F668B39008C2AF3 /* 12309111.lrc in Resources */,
				C701FF0D1F668B39008C2AF3 /* 255319.lrc in Resources */,
				C701FF141F668B39008C2AF3 /* 120125029.mp3 in Resources */,
				C701FEB11F666D27008C2AF3 /* Main.storyboard in Resources */,
				C701FEF41F668B39008C2AF3 /* bb_icon@2x.jpg in Resources */,
				C701FF041F668B39008C2AF3 /* wf_icon@2x.jpg in Resources */,
				C701FF021F668B39008C2AF3 /* nanquan_icon@2x.jpg in Resources */,
				C701FF1B1F668B39008C2AF3 /* QQListBack.jpg in Resources */,
				C701FF121F668B39008C2AF3 /* 10736444.mp3 in Resources */,
				C701FF181F668B39008C2AF3 /* 255319.mp3 in Resources */,
				C701FEFE1F668B39008C2AF3 /* kzxd_icon@2x.jpg in Resources */,
				C701FF261F678A7F008C2AF3 /* Musics.plist in Resources */,
				C701FF171F668B39008C2AF3 /* 235319.mp3 in Resources */,
				C701FEFD1F668B39008C2AF3 /* kzxd@2x.jpg in Resources */,
				C701FF031F668B39008C2AF3 /* wf@2x.jpg in Resources */,
				C701FEF81F668B39008C2AF3 /* eason_icon@2x.jpg in Resources */,
				C728EA2F1F68D5B70047146A /* LrcCell.xib in Resources */,
				C701FF0F1F668B39008C2AF3 /* 339744.lrc in Resources */,
				C701FF071F668B39008C2AF3 /* 10405520.lrc in Resources */,
				C701FE821F666B4B008C2AF3 /* Assets.xcassets in Resources */,
				C701FF151F668B39008C2AF3 /* 12309111.mp3 in Resources */,
				C701FF011F668B39008C2AF3 /* nanquan@2x.jpg in Resources */,
				C701FEF71F668B39008C2AF3 /* eason@2x.jpg in Resources */,
				C701FF061F668B39008C2AF3 /* zxy_icon@2x.jpg in Resources */,
				C701FEB01F666D27008C2AF3 /* LaunchScreen.storyboard in Resources */,
				C701FF131F668B39008C2AF3 /* 1201111234.mp3 in Resources */,
				C701FEC61F6676DF008C2AF3 /* QQMusicCell.xib in Resources */,
				C701FEFC1F668B39008C2AF3 /* jj_icon@2x.png in Resources */,
				C701FF0C1F668B39008C2AF3 /* 235319.lrc in Resources */,
				C701FEF31F668B39008C2AF3 /* bb@2x.jpg in Resources */,
				C701FF091F668B39008C2AF3 /* 120125029.lrc in Resources */,
				C701FEFA1F668B39008C2AF3 /* jay_icon@2x.png in Resources */,
				C701FF1A1F668B39008C2AF3 /* 339744.mp3 in Resources */,
				C701FEFB1F668B39008C2AF3 /* jj@2x.jpg in Resources */,
				C701FEFF1F668B39008C2AF3 /* lkq@2x.jpg in Resources */,
				C701FF001F668B39008C2AF3 /* lkq_icon@2x.jpg in Resources */,
				C701FF111F668B39008C2AF3 /* 10405520.mp3 in Resources */,
				C701FF0B1F668B39008C2AF3 /* 14945107.lrc in Resources */,
				C701FF161F668B39008C2AF3 /* 14945107.mp3 in Resources */,
				C701FF0E1F668B39008C2AF3 /* 309769.lrc in Resources */,
				C701FEF91F668B39008C2AF3 /* jay@2x.jpg in Resources */,
				C701FF191F668B39008C2AF3 /* 309769.mp3 in Resources */,
				C701FF051F668B39008C2AF3 /* zxy@2x.jpg in Resources */,
				C701FF101F668B39008C2AF3 /* 月半小夜曲.lrc in Resources */,
				C701FEF51F668B39008C2AF3 /* dzq@2x.jpg in Resources */,
				C701FEF61F668B39008C2AF3 /* dzq_icon@2x.jpg in Resources */,
			);
			runOnlyForDeploymentPostprocessing = 0;
		};
		C701FE891F666B4B008C2AF3 /* Resources */ = {
			isa = PBXResourcesBuildPhase;
			buildActionMask = 2147483647;
			files = (
			);
			runOnlyForDeploymentPostprocessing = 0;
		};
		C701FE941F666B4B008C2AF3 /* Resources */ = {
			isa = PBXResourcesBuildPhase;
			buildActionMask = 2147483647;
			files = (
			);
			runOnlyForDeploymentPostprocessing = 0;
		};
/* End PBXResourcesBuildPhase section */

/* Begin PBXSourcesBuildPhase section */
		C701FE731F666B4B008C2AF3 /* Sources */ = {
			isa = PBXSourcesBuildPhase;
			buildActionMask = 2147483647;
			files = (
				C701FF2F1F67C416008C2AF3 /* UIView+Extension.swift in Sources */,
				C701FEC21F66717F008C2AF3 /* QQMusicModel.swift in Sources */,
				C701FF351F67E7D8008C2AF3 /* LrcViewController.swift in Sources */,
				C701FEC01F6670B7008C2AF3 /* QQMusicListController.swift in Sources */,
				C701FF311F67D6DA008C2AF3 /* DetailViewController.swift in Sources */,
				C701FF241F6695B6008C2AF3 /* QQTimeTool.swift in Sources */,
				C701FF2D1F67C1D7008C2AF3 /* CALayer+Extension.swift in Sources */,
				C728EA311F68E1290047146A /* QQImageTool.swift in Sources */,
				C701FF2A1F67B60B008C2AF3 /* QQMusicTool.swift in Sources */,
				C701FEBD1F667096008C2AF3 /* AppDelegate.swift in Sources */,
				C728EA2E1F68D5B70047146A /* LrcCell.swift in Sources */,
				C701FF221F66925F008C2AF3 /* QQLrcModel.swift in Sources */,
				C701FF371F67E998008C2AF3 /* LrcLabel.swift in Sources */,
				C701FF1E1F668EE5008C2AF3 /* QQMusicDataManager.swift in Sources */,
				C701FF331F67E41F008C2AF3 /* QQMusicMessageModel.swift in Sources */,
				C701FEC51F6676DF008C2AF3 /* QQMusicCell.swift in Sources */,
				C701FF281F67B5D8008C2AF3 /* QQMusicOperationTool.swift in Sources */,
			);
			runOnlyForDeploymentPostprocessing = 0;
		};
		C701FE871F666B4B008C2AF3 /* Sources */ = {
			isa = PBXSourcesBuildPhase;
			buildActionMask = 2147483647;
			files = (
				C701FE901F666B4B008C2AF3 /* QQMusic_masterTests.swift in Sources */,
			);
			runOnlyForDeploymentPostprocessing = 0;
		};
		C701FE921F666B4B008C2AF3 /* Sources */ = {
			isa = PBXSourcesBuildPhase;
			buildActionMask = 2147483647;
			files = (
				C701FE9B1F666B4B008C2AF3 /* QQMusic_masterUITests.swift in Sources */,
			);
			runOnlyForDeploymentPostprocessing = 0;
		};
/* End PBXSourcesBuildPhase section */

/* Begin PBXTargetDependency section */
		C701FE8D1F666B4B008C2AF3 /* PBXTargetDependency */ = {
			isa = PBXTargetDependency;
			target = C701FE761F666B4B008C2AF3 /* QQMusic-master */;
			targetProxy = C701FE8C1F666B4B008C2AF3 /* PBXContainerItemProxy */;
		};
		C701FE981F666B4B008C2AF3 /* PBXTargetDependency */ = {
			isa = PBXTargetDependency;
			target = C701FE761F666B4B008C2AF3 /* QQMusic-master */;
			targetProxy = C701FE971F666B4B008C2AF3 /* PBXContainerItemProxy */;
		};
/* End PBXTargetDependency section */

/* Begin XCBuildConfiguration section */
		C701FE9D1F666B4B008C2AF3 /* Debug */ = {
			isa = XCBuildConfiguration;
			buildSettings = {
				ALWAYS_SEARCH_USER_PATHS = NO;
				CLANG_ANALYZER_NONNULL = YES;
				CLANG_ANALYZER_NUMBER_OBJECT_CONVERSION = YES_AGGRESSIVE;
				CLANG_CXX_LANGUAGE_STANDARD = "gnu++0x";
				CLANG_CXX_LIBRARY = "libc++";
				CLANG_ENABLE_MODULES = YES;
				CLANG_ENABLE_OBJC_ARC = YES;
				CLANG_WARN_BOOL_CONVERSION = YES;
				CLANG_WARN_CONSTANT_CONVERSION = YES;
				CLANG_WARN_DIRECT_OBJC_ISA_USAGE = YES_ERROR;
				CLANG_WARN_DOCUMENTATION_COMMENTS = YES;
				CLANG_WARN_EMPTY_BODY = YES;
				CLANG_WARN_ENUM_CONVERSION = YES;
				CLANG_WARN_INFINITE_RECURSION = YES;
				CLANG_WARN_INT_CONVERSION = YES;
				CLANG_WARN_OBJC_ROOT_CLASS = YES_ERROR;
				CLANG_WARN_SUSPICIOUS_MOVE = YES;
				CLANG_WARN_UNREACHABLE_CODE = YES;
				CLANG_WARN__DUPLICATE_METHOD_MATCH = YES;
				"CODE_SIGN_IDENTITY[sdk=iphoneos*]" = "iPhone Developer";
				COPY_PHASE_STRIP = NO;
				DEBUG_INFORMATION_FORMAT = dwarf;
				ENABLE_STRICT_OBJC_MSGSEND = YES;
				ENABLE_TESTABILITY = YES;
				GCC_C_LANGUAGE_STANDARD = gnu99;
				GCC_DYNAMIC_NO_PIC = NO;
				GCC_NO_COMMON_BLOCKS = YES;
				GCC_OPTIMIZATION_LEVEL = 0;
				GCC_PREPROCESSOR_DEFINITIONS = (
					"DEBUG=1",
					"$(inherited)",
				);
				GCC_WARN_64_TO_32_BIT_CONVERSION = YES;
				GCC_WARN_ABOUT_RETURN_TYPE = YES_ERROR;
				GCC_WARN_UNDECLARED_SELECTOR = YES;
				GCC_WARN_UNINITIALIZED_AUTOS = YES_AGGRESSIVE;
				GCC_WARN_UNUSED_FUNCTION = YES;
				GCC_WARN_UNUSED_VARIABLE = YES;
				IPHONEOS_DEPLOYMENT_TARGET = 10.3;
				MTL_ENABLE_DEBUG_INFO = YES;
				ONLY_ACTIVE_ARCH = YES;
				SDKROOT = iphoneos;
				SWIFT_ACTIVE_COMPILATION_CONDITIONS = DEBUG;
				SWIFT_OPTIMIZATION_LEVEL = "-Onone";
			};
			name = Debug;
		};
		C701FE9E1F666B4B008C2AF3 /* Release */ = {
			isa = XCBuildConfiguration;
			buildSettings = {
				ALWAYS_SEARCH_USER_PATHS = NO;
				CLANG_ANALYZER_NONNULL = YES;
				CLANG_ANALYZER_NUMBER_OBJECT_CONVERSION = YES_AGGRESSIVE;
				CLANG_CXX_LANGUAGE_STANDARD = "gnu++0x";
				CLANG_CXX_LIBRARY = "libc++";
				CLANG_ENABLE_MODULES = YES;
				CLANG_ENABLE_OBJC_ARC = YES;
				CLANG_WARN_BOOL_CONVERSION = YES;
				CLANG_WARN_CONSTANT_CONVERSION = YES;
				CLANG_WARN_DIRECT_OBJC_ISA_USAGE = YES_ERROR;
				CLANG_WARN_DOCUMENTATION_COMMENTS = YES;
				CLANG_WARN_EMPTY_BODY = YES;
				CLANG_WARN_ENUM_CONVERSION = YES;
				CLANG_WARN_INFINITE_RECURSION = YES;
				CLANG_WARN_INT_CONVERSION = YES;
				CLANG_WARN_OBJC_ROOT_CLASS = YES_ERROR;
				CLANG_WARN_SUSPICIOUS_MOVE = YES;
				CLANG_WARN_UNREACHABLE_CODE = YES;
				CLANG_WARN__DUPLICATE_METHOD_MATCH = YES;
				"CODE_SIGN_IDENTITY[sdk=iphoneos*]" = "iPhone Developer";
				COPY_PHASE_STRIP = NO;
				DEBUG_INFORMATION_FORMAT = "dwarf-with-dsym";
				ENABLE_NS_ASSERTIONS = NO;
				ENABLE_STRICT_OBJC_MSGSEND = YES;
				GCC_C_LANGUAGE_STANDARD = gnu99;
				GCC_NO_COMMON_BLOCKS = YES;
				GCC_WARN_64_TO_32_BIT_CONVERSION = YES;
				GCC_WARN_ABOUT_RETURN_TYPE = YES_ERROR;
				GCC_WARN_UNDECLARED_SELECTOR = YES;
				GCC_WARN_UNINITIALIZED_AUTOS = YES_AGGRESSIVE;
				GCC_WARN_UNUSED_FUNCTION = YES;
				GCC_WARN_UNUSED_VARIABLE = YES;
				IPHONEOS_DEPLOYMENT_TARGET = 10.3;
				MTL_ENABLE_DEBUG_INFO = NO;
				SDKROOT = iphoneos;
				SWIFT_OPTIMIZATION_LEVEL = "-Owholemodule";
				VALIDATE_PRODUCT = YES;
			};
			name = Release;
		};
		C701FEA01F666B4B008C2AF3 /* Debug */ = {
			isa = XCBuildConfiguration;
			buildSettings = {
				ASSETCATALOG_COMPILER_APPICON_NAME = AppIcon;
				ASSETCATALOG_COMPILER_LAUNCHIMAGE_NAME = LaunchImage;
				"CODE_SIGN_IDENTITY[sdk=iphoneos*]" = "iPhone Developer";
				DEVELOPMENT_TEAM = YEFYT2Y9CS;
				INFOPLIST_FILE = "QQMusic-master/Info.plist";
				LD_RUNPATH_SEARCH_PATHS = "$(inherited) @executable_path/Frameworks";
				PRODUCT_BUNDLE_IDENTIFIER = com.KK.NewsToday;
				PRODUCT_NAME = "$(TARGET_NAME)";
				PROVISIONING_PROFILE_SPECIFIER = "";
				SWIFT_VERSION = 3.0;
			};
			name = Debug;
		};
		C701FEA11F666B4B008C2AF3 /* Release */ = {
			isa = XCBuildConfiguration;
			buildSettings = {
				ASSETCATALOG_COMPILER_APPICON_NAME = AppIcon;
				ASSETCATALOG_COMPILER_LAUNCHIMAGE_NAME = LaunchImage;
				"CODE_SIGN_IDENTITY[sdk=iphoneos*]" = "iPhone Developer";
				DEVELOPMENT_TEAM = YEFYT2Y9CS;
				INFOPLIST_FILE = "QQMusic-master/Info.plist";
				LD_RUNPATH_SEARCH_PATHS = "$(inherited) @executable_path/Frameworks";
				PRODUCT_BUNDLE_IDENTIFIER = com.KK.NewsToday;
				PRODUCT_NAME = "$(TARGET_NAME)";
				PROVISIONING_PROFILE_SPECIFIER = "";
				SWIFT_VERSION = 3.0;
			};
			name = Release;
		};
		C701FEA31F666B4B008C2AF3 /* Debug */ = {
			isa = XCBuildConfiguration;
			buildSettings = {
				ALWAYS_EMBED_SWIFT_STANDARD_LIBRARIES = YES;
				BUNDLE_LOADER = "$(TEST_HOST)";
				DEVELOPMENT_TEAM = YEFYT2Y9CS;
				INFOPLIST_FILE = "QQMusic-masterTests/Info.plist";
				LD_RUNPATH_SEARCH_PATHS = "$(inherited) @executable_path/Frameworks @loader_path/Frameworks";
				PRODUCT_BUNDLE_IDENTIFIER = "com.KK.QQMusic-masterTests";
				PRODUCT_NAME = "$(TARGET_NAME)";
				SWIFT_VERSION = 3.0;
				TEST_HOST = "$(BUILT_PRODUCTS_DIR)/QQMusic-master.app/QQMusic-master";
			};
			name = Debug;
		};
		C701FEA41F666B4B008C2AF3 /* Release */ = {
			isa = XCBuildConfiguration;
			buildSettings = {
				ALWAYS_EMBED_SWIFT_STANDARD_LIBRARIES = YES;
				BUNDLE_LOADER = "$(TEST_HOST)";
				DEVELOPMENT_TEAM = YEFYT2Y9CS;
				INFOPLIST_FILE = "QQMusic-masterTests/Info.plist";
				LD_RUNPATH_SEARCH_PATHS = "$(inherited) @executable_path/Frameworks @loader_path/Frameworks";
				PRODUCT_BUNDLE_IDENTIFIER = "com.KK.QQMusic-masterTests";
				PRODUCT_NAME = "$(TARGET_NAME)";
				SWIFT_VERSION = 3.0;
				TEST_HOST = "$(BUILT_PRODUCTS_DIR)/QQMusic-master.app/QQMusic-master";
			};
			name = Release;
		};
		C701FEA61F666B4B008C2AF3 /* Debug */ = {
			isa = XCBuildConfiguration;
			buildSettings = {
				ALWAYS_EMBED_SWIFT_STANDARD_LIBRARIES = YES;
				DEVELOPMENT_TEAM = YEFYT2Y9CS;
				INFOPLIST_FILE = "QQMusic-masterUITests/Info.plist";
				LD_RUNPATH_SEARCH_PATHS = "$(inherited) @executable_path/Frameworks @loader_path/Frameworks";
				PRODUCT_BUNDLE_IDENTIFIER = "com.KK.QQMusic-masterUITests";
				PRODUCT_NAME = "$(TARGET_NAME)";
				SWIFT_VERSION = 3.0;
				TEST_TARGET_NAME = "QQMusic-master";
			};
			name = Debug;
		};
		C701FEA71F666B4B008C2AF3 /* Release */ = {
			isa = XCBuildConfiguration;
			buildSettings = {
				ALWAYS_EMBED_SWIFT_STANDARD_LIBRARIES = YES;
				DEVELOPMENT_TEAM = YEFYT2Y9CS;
				INFOPLIST_FILE = "QQMusic-masterUITests/Info.plist";
				LD_RUNPATH_SEARCH_PATHS = "$(inherited) @executable_path/Frameworks @loader_path/Frameworks";
				PRODUCT_BUNDLE_IDENTIFIER = "com.KK.QQMusic-masterUITests";
				PRODUCT_NAME = "$(TARGET_NAME)";
				SWIFT_VERSION = 3.0;
				TEST_TARGET_NAME = "QQMusic-master";
			};
			name = Release;
		};
/* End XCBuildConfiguration section */

/* Begin XCConfigurationList section */
		C701FE721F666B4B008C2AF3 /* Build configuration list for PBXProject "QQMusic-master" */ = {
			isa = XCConfigurationList;
			buildConfigurations = (
				C701FE9D1F666B4B008C2AF3 /* Debug */,
				C701FE9E1F666B4B008C2AF3 /* Release */,
			);
			defaultConfigurationIsVisible = 0;
			defaultConfigurationName = Release;
		};
		C701FE9F1F666B4B008C2AF3 /* Build configuration list for PBXNativeTarget "QQMusic-master" */ = {
			isa = XCConfigurationList;
			buildConfigurations = (
				C701FEA01F666B4B008C2AF3 /* Debug */,
				C701FEA11F666B4B008C2AF3 /* Release */,
			);
			defaultConfigurationIsVisible = 0;
			defaultConfigurationName = Release;
		};
		C701FEA21F666B4B008C2AF3 /* Build configuration list for PBXNativeTarget "QQMusic-masterTests" */ = {
			isa = XCConfigurationList;
			buildConfigurations = (
				C701FEA31F666B4B008C2AF3 /* Debug */,
				C701FEA41F666B4B008C2AF3 /* Release */,
			);
			defaultConfigurationIsVisible = 0;
			defaultConfigurationName = Release;
		};
		C701FEA51F666B4B008C2AF3 /* Build configuration list for PBXNativeTarget "QQMusic-masterUITests" */ = {
			isa = XCConfigurationList;
			buildConfigurations = (
				C701FEA61F666B4B008C2AF3 /* Debug */,
				C701FEA71F666B4B008C2AF3 /* Release */,
			);
			defaultConfigurationIsVisible = 0;
			defaultConfigurationName = Release;
		};
/* End XCConfigurationList section */
	};
	rootObject = C701FE6F1F666B4B008C2AF3 /* Project object */;
}
